
Microsoft Visual Studio Solution File, Format Version 12.00
# Visual Studio Version 17
VisualStudioVersion = 17.2.32616.157
MinimumVisualStudioVersion = 10.0.40219.1
Project("{FAE04EC0-301F-11D3-BF4B-00C04F79EFBC}") = "CrudProductos", "CrudProductos.csproj", "{5AD62CA2-DE6B-4ABA-B99A-AAFB0461188A}"
EndProject
Global
	GlobalSection(SolutionConfigurationPlatforms) = preSolution
		Debug|Any CPU = Debug|Any CPU
		Release|Any CPU = Release|Any CPU
	EndGlobalSection
	GlobalSection(ProjectConfigurationPlatforms) = postSolution
		{5AD62CA2-DE6B-4ABA-B99A-AAFB0461188A}.Debug|Any CPU.ActiveCfg = Debug|Any CPU
		{5AD62CA2-DE6B-4ABA-B99A-AAFB0461188A}.Debug|Any CPU.Build.0 = Debug|Any CPU
		{5AD62CA2-DE6B-4ABA-B99A-AAFB0461188A}.Release|Any CPU.ActiveCfg = Release|Any CPU
		{5AD62CA2-DE6B-4ABA-B99A-AAFB0461188A}.Release|Any CPU.Build.0 = Release|Any CPU
	EndGlobalSection
	GlobalSection(SolutionProperties) = preSolution
		HideSolutionNode = FALSE
	EndGlobalSection
	GlobalSection(ExtensibilityGlobals) = postSolution
		SolutionGuid = {F56C5219-BC37-45C1-8B78-DBA53BD0363A}
	EndGlobalSection
EndGlobal
